
Microsoft Visual Studio Solution File, Format Version 12.00
# Visual Studio Version 17
VisualStudioVersion = 17.8.34309.116
MinimumVisualStudioVersion = 10.0.40219.1
Project("{FAE04EC0-301F-11D3-BF4B-00C04F79EFBC}") = "RepairPlus", "RepairPlus\RepairPlus.csproj", "{26EFF133-48B1-4268-818B-E8B4133A4AC9}"
EndProject
Global
	GlobalSection(SolutionConfigurationPlatforms) = preSolution
		Debug|Any CPU = Debug|Any CPU
		Release|Any CPU = Release|Any CPU
	EndGlobalSection
	GlobalSection(ProjectConfigurationPlatforms) = postSolution
		{26EFF133-48B1-4268-818B-E8B4133A4AC9}.Debug|Any CPU.ActiveCfg = Debug|Any CPU
		{26EFF133-48B1-4268-818B-E8B4133A4AC9}.Debug|Any CPU.Build.0 = Debug|Any CPU
		{26EFF133-48B1-4268-818B-E8B4133A4AC9}.Release|Any CPU.ActiveCfg = Release|Any CPU
		{26EFF133-48B1-4268-818B-E8B4133A4AC9}.Release|Any CPU.Build.0 = Release|Any CPU
	EndGlobalSection
	GlobalSection(SolutionProperties) = preSolution
		HideSolutionNode = FALSE
	EndGlobalSection
	GlobalSection(ExtensibilityGlobals) = postSolution
		SolutionGuid = {D52DCBD9-5D39-4624-AFF8-03CEC3B8D800}
	EndGlobalSection
EndGlobal
